
Microsoft Visual Studio Solution File, Format Version 12.00
# Visual Studio 15
VisualStudioVersion = 15.0.27703.2026
MinimumVisualStudioVersion = 10.0.40219.1
Project("{FAE04EC0-301F-11D3-BF4B-00C04F79EFBC}") = "VkAuctionConsole", "VkAuctionConsole\VkAuctionConsole.csproj", "{362A97E4-10DD-4BE8-8628-3A31CFBE202E}"
EndProject
Global
	GlobalSection(SolutionConfigurationPlatforms) = preSolution
		Debug|Any CPU = Debug|Any CPU
		Release|Any CPU = Release|Any CPU
	EndGlobalSection
	GlobalSection(ProjectConfigurationPlatforms) = postSolution
		{362A97E4-10DD-4BE8-8628-3A31CFBE202E}.Debug|Any CPU.ActiveCfg = Debug|Any CPU
		{362A97E4-10DD-4BE8-8628-3A31CFBE202E}.Debug|Any CPU.Build.0 = Debug|Any CPU
		{362A97E4-10DD-4BE8-8628-3A31CFBE202E}.Release|Any CPU.ActiveCfg = Release|Any CPU
		{362A97E4-10DD-4BE8-8628-3A31CFBE202E}.Release|Any CPU.Build.0 = Release|Any CPU
	EndGlobalSection
	GlobalSection(SolutionProperties) = preSolution
		HideSolutionNode = FALSE
	EndGlobalSection
	GlobalSection(ExtensibilityGlobals) = postSolution
		SolutionGuid = {F30CEF29-833A-47FA-AA30-319117F8F446}
	EndGlobalSection
EndGlobal
